
Microsoft Visual Studio Solution File, Format Version 12.00
# Visual Studio Version 17
VisualStudioVersion = 17.0.32014.148
MinimumVisualStudioVersion = 10.0.40219.1
Project("{FAE04EC0-301F-11D3-BF4B-00C04F79EFBC}") = "ContactBook", "ContactBook\ContactBook.csproj", "{6A2E0768-5EF6-418A-95DC-BA462D184DA9}"
EndProject
Project("{FAE04EC0-301F-11D3-BF4B-00C04F79EFBC}") = "ContactBook.Domain", "ContactBook.Domain\ContactBook.Domain.csproj", "{20FEBE05-3244-44FF-8DC8-DD48500910C5}"
EndProject
Project("{FAE04EC0-301F-11D3-BF4B-00C04F79EFBC}") = "ContactBook.Infrastructure", "ContactBook.Infrastructure\ContactBook.Infrastructure.csproj", "{5B1C252E-0ACD-423C-BBD9-FC85E2810763}"
EndProject
Global
	GlobalSection(SolutionConfigurationPlatforms) = preSolution
		Debug|Any CPU = Debug|Any CPU
		Release|Any CPU = Release|Any CPU
	EndGlobalSection
	GlobalSection(ProjectConfigurationPlatforms) = postSolution
		{6A2E0768-5EF6-418A-95DC-BA462D184DA9}.Debug|Any CPU.ActiveCfg = Debug|Any CPU
		{6A2E0768-5EF6-418A-95DC-BA462D184DA9}.Debug|Any CPU.Build.0 = Debug|Any CPU
		{6A2E0768-5EF6-418A-95DC-BA462D184DA9}.Release|Any CPU.ActiveCfg = Release|Any CPU
		{6A2E0768-5EF6-418A-95DC-BA462D184DA9}.Release|Any CPU.Build.0 = Release|Any CPU
		{20FEBE05-3244-44FF-8DC8-DD48500910C5}.Debug|Any CPU.ActiveCfg = Debug|Any CPU
		{20FEBE05-3244-44FF-8DC8-DD48500910C5}.Debug|Any CPU.Build.0 = Debug|Any CPU
		{20FEBE05-3244-44FF-8DC8-DD48500910C5}.Release|Any CPU.ActiveCfg = Release|Any CPU
		{20FEBE05-3244-44FF-8DC8-DD48500910C5}.Release|Any CPU.Build.0 = Release|Any CPU
		{5B1C252E-0ACD-423C-BBD9-FC85E2810763}.Debug|Any CPU.ActiveCfg = Debug|Any CPU
		{5B1C252E-0ACD-423C-BBD9-FC85E2810763}.Debug|Any CPU.Build.0 = Debug|Any CPU
		{5B1C252E-0ACD-423C-BBD9-FC85E2810763}.Release|Any CPU.ActiveCfg = Release|Any CPU
		{5B1C252E-0ACD-423C-BBD9-FC85E2810763}.Release|Any CPU.Build.0 = Release|Any CPU
	EndGlobalSection
	GlobalSection(SolutionProperties) = preSolution
		HideSolutionNode = FALSE
	EndGlobalSection
	GlobalSection(ExtensibilityGlobals) = postSolution
		SolutionGuid = {ABEA5EFA-3965-4EC9-BDE4-A6652798F248}
	EndGlobalSection
EndGlobal
